
Microsoft Visual Studio Solution File, Format Version 12.00
# Visual Studio Version 16
VisualStudioVersion = 16.0.31624.102
MinimumVisualStudioVersion = 10.0.40219.1
Project("{FAE04EC0-301F-11D3-BF4B-00C04F79EFBC}") = "Ders24_Arama_Sayfalama", "Ders24_Arama_Sayfalama\Ders24_Arama_Sayfalama.csproj", "{F549F06D-0E97-41CF-841E-AD70846E4BE9}"
EndProject
Global
	GlobalSection(SolutionConfigurationPlatforms) = preSolution
		Debug|Any CPU = Debug|Any CPU
		Release|Any CPU = Release|Any CPU
	EndGlobalSection
	GlobalSection(ProjectConfigurationPlatforms) = postSolution
		{F549F06D-0E97-41CF-841E-AD70846E4BE9}.Debug|Any CPU.ActiveCfg = Debug|Any CPU
		{F549F06D-0E97-41CF-841E-AD70846E4BE9}.Debug|Any CPU.Build.0 = Debug|Any CPU
		{F549F06D-0E97-41CF-841E-AD70846E4BE9}.Release|Any CPU.ActiveCfg = Release|Any CPU
		{F549F06D-0E97-41CF-841E-AD70846E4BE9}.Release|Any CPU.Build.0 = Release|Any CPU
	EndGlobalSection
	GlobalSection(SolutionProperties) = preSolution
		HideSolutionNode = FALSE
	EndGlobalSection
	GlobalSection(ExtensibilityGlobals) = postSolution
		SolutionGuid = {595021DB-E7B0-4920-B9F1-0A6236904242}
	EndGlobalSection
EndGlobal
